{
  "name": "homebridge-harmonyhub",
  "version": "0.1.0",
  "dependencies": {
    "debug": {
      "version": "2.2.0",
      "from": "debug@>=2.2.0 <3.0.0",
      "resolved": "https://registry.npmjs.org/debug/-/debug-2.2.0.tgz",
      "dependencies": {
        "ms": {
          "version": "0.7.1",
          "from": "ms@0.7.1",
          "resolved": "https://registry.npmjs.org/ms/-/ms-0.7.1.tgz"
        }
      }
    },
    "harmonyhubjs-client": {
      "version": "1.1.7",
      "from": "harmonyhubjs-client@>=1.1.7 <2.0.0",
      "resolved": "https://registry.npmjs.org/harmonyhubjs-client/-/harmonyhubjs-client-1.1.7.tgz",
      "dependencies": {
        "debug": {
          "version": "2.2.0",
          "from": "debug@>=2.1.0 <3.0.0",
          "resolved": "https://registry.npmjs.org/debug/-/debug-2.2.0.tgz",
          "dependencies": {
            "ms": {
              "version": "0.7.1",
              "from": "ms@0.7.1",
              "resolved": "https://registry.npmjs.org/ms/-/ms-0.7.1.tgz"
            }
          }
        },
        "node-xmpp-client": {
          "version": "3.0.0",
          "from": "node-xmpp-client@>=3.0.0 <4.0.0",
          "resolved": "https://registry.npmjs.org/node-xmpp-client/-/node-xmpp-client-3.0.0.tgz",
          "dependencies": {
            "browser-request": {
              "version": "0.3.3",
              "from": "browser-request@>=0.3.3 <0.4.0",
              "resolved": "https://registry.npmjs.org/browser-request/-/browser-request-0.3.3.tgz"
            },
            "faye-websocket": {
              "version": "0.10.0",
              "from": "faye-websocket@>=0.10.0 <0.11.0",
              "resolved": "https://registry.npmjs.org/faye-websocket/-/faye-websocket-0.10.0.tgz",
              "dependencies": {
                "websocket-driver": {
                  "version": "0.6.3",
                  "from": "websocket-driver@>=0.5.1",
                  "resolved": "https://registry.npmjs.org/websocket-driver/-/websocket-driver-0.6.3.tgz",
                  "dependencies": {
                    "websocket-extensions": {
                      "version": "0.1.1",
                      "from": "websocket-extensions@>=0.1.1",
                      "resolved": "https://registry.npmjs.org/websocket-extensions/-/websocket-extensions-0.1.1.tgz"
                    }
                  }
                }
              }
            },
            "istanbul": {
              "version": "0.4.1",
              "from": "istanbul@>=0.4.0 <0.5.0",
              "resolved": "https://registry.npmjs.org/istanbul/-/istanbul-0.4.1.tgz",
              "dependencies": {
                "abbrev": {
                  "version": "1.0.7",
                  "from": "abbrev@>=1.0.0 <1.1.0",
                  "resolved": "https://registry.npmjs.org/abbrev/-/abbrev-1.0.7.tgz"
                },
                "async": {
                  "version": "1.5.0",
                  "from": "async@>=1.0.0 <2.0.0",
                  "resolved": "https://registry.npmjs.org/async/-/async-1.5.0.tgz"
                },
                "escodegen": {
                  "version": "1.7.1",
                  "from": "escodegen@>=1.7.0 <1.8.0",
                  "resolved": "https://registry.npmjs.org/escodegen/-/escodegen-1.7.1.tgz",
                  "dependencies": {
                    "estraverse": {
                      "version": "1.9.3",
                      "from": "estraverse@>=1.9.1 <2.0.0",
                      "resolved": "https://registry.npmjs.org/estraverse/-/estraverse-1.9.3.tgz"
                    },
                    "esutils": {
                      "version": "2.0.2",
                      "from": "esutils@>=2.0.2 <3.0.0",
                      "resolved": "https://registry.npmjs.org/esutils/-/esutils-2.0.2.tgz"
                    },
                    "esprima": {
                      "version": "1.2.5",
                      "from": "esprima@>=1.2.2 <2.0.0",
                      "resolved": "https://registry.npmjs.org/esprima/-/esprima-1.2.5.tgz"
                    },
                    "optionator": {
                      "version": "0.5.0",
                      "from": "optionator@>=0.5.0 <0.6.0",
                      "resolved": "https://registry.npmjs.org/optionator/-/optionator-0.5.0.tgz",
                      "dependencies": {
                        "prelude-ls": {
                          "version": "1.1.2",
                          "from": "prelude-ls@>=1.1.1 <1.2.0",
                          "resolved": "https://registry.npmjs.org/prelude-ls/-/prelude-ls-1.1.2.tgz"
                        },
                        "deep-is": {
                          "version": "0.1.3",
                          "from": "deep-is@>=0.1.2 <0.2.0",
                          "resolved": "https://registry.npmjs.org/deep-is/-/deep-is-0.1.3.tgz"
                        },
                        "wordwrap": {
                          "version": "0.0.3",
                          "from": "wordwrap@>=0.0.2 <0.1.0",
                          "resolved": "https://registry.npmjs.org/wordwrap/-/wordwrap-0.0.3.tgz"
                        },
                        "type-check": {
                          "version": "0.3.2",
                          "from": "type-check@>=0.3.1 <0.4.0",
                          "resolved": "https://registry.npmjs.org/type-check/-/type-check-0.3.2.tgz"
                        },
                        "levn": {
                          "version": "0.2.5",
                          "from": "levn@>=0.2.5 <0.3.0",
                          "resolved": "https://registry.npmjs.org/levn/-/levn-0.2.5.tgz"
                        },
                        "fast-levenshtein": {
                          "version": "1.0.7",
                          "from": "fast-levenshtein@>=1.0.0 <1.1.0",
                          "resolved": "https://registry.npmjs.org/fast-levenshtein/-/fast-levenshtein-1.0.7.tgz"
                        }
                      }
                    },
                    "source-map": {
                      "version": "0.2.0",
                      "from": "source-map@>=0.2.0 <0.3.0",
                      "resolved": "https://registry.npmjs.org/source-map/-/source-map-0.2.0.tgz",
                      "dependencies": {
                        "amdefine": {
                          "version": "1.0.0",
                          "from": "amdefine@>=0.0.4",
                          "resolved": "https://registry.npmjs.org/amdefine/-/amdefine-1.0.0.tgz"
                        }
                      }
                    }
                  }
                },
                "esprima": {
                  "version": "2.7.1",
                  "from": "esprima@>=2.7.0 <2.8.0",
                  "resolved": "https://registry.npmjs.org/esprima/-/esprima-2.7.1.tgz"
                },
                "fileset": {
                  "version": "0.2.1",
                  "from": "fileset@>=0.2.0 <0.3.0",
                  "resolved": "https://registry.npmjs.org/fileset/-/fileset-0.2.1.tgz",
                  "dependencies": {
                    "minimatch": {
                      "version": "2.0.10",
                      "from": "minimatch@>=2.0.0 <3.0.0",
                      "resolved": "https://registry.npmjs.org/minimatch/-/minimatch-2.0.10.tgz",
                      "dependencies": {
                        "brace-expansion": {
                          "version": "1.1.2",
                          "from": "brace-expansion@>=1.0.0 <2.0.0",
                          "resolved": "https://registry.npmjs.org/brace-expansion/-/brace-expansion-1.1.2.tgz",
                          "dependencies": {
                            "balanced-match": {
                              "version": "0.3.0",
                              "from": "balanced-match@>=0.3.0 <0.4.0",
                              "resolved": "https://registry.npmjs.org/balanced-match/-/balanced-match-0.3.0.tgz"
                            },
                            "concat-map": {
                              "version": "0.0.1",
                              "from": "concat-map@0.0.1",
                              "resolved": "https://registry.npmjs.org/concat-map/-/concat-map-0.0.1.tgz"
                            }
                          }
                        }
                      }
                    },
                    "glob": {
                      "version": "5.0.15",
                      "from": "glob@>=5.0.0 <6.0.0",
                      "resolved": "https://registry.npmjs.org/glob/-/glob-5.0.15.tgz",
                      "dependencies": {
                        "inflight": {
                          "version": "1.0.4",
                          "from": "inflight@>=1.0.4 <2.0.0",
                          "resolved": "https://registry.npmjs.org/inflight/-/inflight-1.0.4.tgz",
                          "dependencies": {
                            "wrappy": {
                              "version": "1.0.1",
                              "from": "wrappy@>=1.0.0 <2.0.0",
                              "resolved": "https://registry.npmjs.org/wrappy/-/wrappy-1.0.1.tgz"
                            }
                          }
                        },
                        "inherits": {
                          "version": "2.0.1",
                          "from": "inherits@>=2.0.0 <3.0.0",
                          "resolved": "https://registry.npmjs.org/inherits/-/inherits-2.0.1.tgz"
                        },
                        "path-is-absolute": {
                          "version": "1.0.0",
                          "from": "path-is-absolute@>=1.0.0 <2.0.0",
                          "resolved": "https://registry.npmjs.org/path-is-absolute/-/path-is-absolute-1.0.0.tgz"
                        }
                      }
                    }
                  }
                },
                "handlebars": {
                  "version": "4.0.5",
                  "from": "handlebars@>=4.0.1 <5.0.0",
                  "resolved": "https://registry.npmjs.org/handlebars/-/handlebars-4.0.5.tgz",
                  "dependencies": {
                    "optimist": {
                      "version": "0.6.1",
                      "from": "optimist@>=0.6.1 <0.7.0",
                      "resolved": "https://registry.npmjs.org/optimist/-/optimist-0.6.1.tgz",
                      "dependencies": {
                        "wordwrap": {
                          "version": "0.0.3",
                          "from": "wordwrap@>=0.0.2 <0.1.0",
                          "resolved": "https://registry.npmjs.org/wordwrap/-/wordwrap-0.0.3.tgz"
                        },
                        "minimist": {
                          "version": "0.0.10",
                          "from": "minimist@>=0.0.1 <0.1.0",
                          "resolved": "https://registry.npmjs.org/minimist/-/minimist-0.0.10.tgz"
                        }
                      }
                    },
                    "source-map": {
                      "version": "0.4.4",
                      "from": "source-map@>=0.4.4 <0.5.0",
                      "resolved": "https://registry.npmjs.org/source-map/-/source-map-0.4.4.tgz",
                      "dependencies": {
                        "amdefine": {
                          "version": "1.0.0",
                          "from": "amdefine@>=0.0.4",
                          "resolved": "https://registry.npmjs.org/amdefine/-/amdefine-1.0.0.tgz"
                        }
                      }
                    },
                    "uglify-js": {
                      "version": "2.6.1",
                      "from": "uglify-js@>=2.6.0 <3.0.0",
                      "resolved": "https://registry.npmjs.org/uglify-js/-/uglify-js-2.6.1.tgz",
                      "dependencies": {
                        "async": {
                          "version": "0.2.10",
                          "from": "async@>=0.2.6 <0.3.0",
                          "resolved": "https://registry.npmjs.org/async/-/async-0.2.10.tgz"
                        },
                        "source-map": {
                          "version": "0.5.3",
                          "from": "source-map@>=0.5.1 <0.6.0",
                          "resolved": "https://registry.npmjs.org/source-map/-/source-map-0.5.3.tgz"
                        },
                        "uglify-to-browserify": {
                          "version": "1.0.2",
                          "from": "uglify-to-browserify@>=1.0.0 <1.1.0",
                          "resolved": "https://registry.npmjs.org/uglify-to-browserify/-/uglify-to-browserify-1.0.2.tgz"
                        },
                        "yargs": {
                          "version": "3.10.0",
                          "from": "yargs@>=3.10.0 <3.11.0",
                          "resolved": "https://registry.npmjs.org/yargs/-/yargs-3.10.0.tgz",
                          "dependencies": {
                            "camelcase": {
                              "version": "1.2.1",
                              "from": "camelcase@>=1.0.2 <2.0.0",
                              "resolved": "https://registry.npmjs.org/camelcase/-/camelcase-1.2.1.tgz"
                            },
                            "cliui": {
                              "version": "2.1.0",
                              "from": "cliui@>=2.1.0 <3.0.0",
                              "resolved": "https://registry.npmjs.org/cliui/-/cliui-2.1.0.tgz",
                              "dependencies": {
                                "center-align": {
                                  "version": "0.1.2",
                                  "from": "center-align@>=0.1.1 <0.2.0",
                                  "resolved": "https://registry.npmjs.org/center-align/-/center-align-0.1.2.tgz",
                                  "dependencies": {
                                    "align-text": {
                                      "version": "0.1.3",
                                      "from": "align-text@>=0.1.1 <0.2.0",
                                      "resolved": "https://registry.npmjs.org/align-text/-/align-text-0.1.3.tgz",
                                      "dependencies": {
                                        "kind-of": {
                                          "version": "2.0.1",
                                          "from": "kind-of@>=2.0.0 <3.0.0",
                                          "resolved": "https://registry.npmjs.org/kind-of/-/kind-of-2.0.1.tgz",
                                          "dependencies": {
                                            "is-buffer": {
                                              "version": "1.1.0",
                                              "from": "is-buffer@>=1.0.2 <2.0.0",
                                              "resolved": "https://registry.npmjs.org/is-buffer/-/is-buffer-1.1.0.tgz"
                                            }
                                          }
                                        },
                                        "longest": {
                                          "version": "1.0.1",
                                          "from": "longest@>=1.0.1 <2.0.0",
                                          "resolved": "https://registry.npmjs.org/longest/-/longest-1.0.1.tgz"
                                        },
                                        "repeat-string": {
                                          "version": "1.5.2",
                                          "from": "repeat-string@>=1.5.2 <2.0.0",
                                          "resolved": "https://registry.npmjs.org/repeat-string/-/repeat-string-1.5.2.tgz"
                                        }
                                      }
                                    },
                                    "lazy-cache": {
                                      "version": "0.2.7",
                                      "from": "lazy-cache@>=0.2.4 <0.3.0",
                                      "resolved": "https://registry.npmjs.org/lazy-cache/-/lazy-cache-0.2.7.tgz"
                                    }
                                  }
                                },
                                "right-align": {
                                  "version": "0.1.3",
                                  "from": "right-align@>=0.1.1 <0.2.0",
                                  "resolved": "https://registry.npmjs.org/right-align/-/right-align-0.1.3.tgz",
                                  "dependencies": {
                                    "align-text": {
                                      "version": "0.1.3",
                                      "from": "align-text@>=0.1.1 <0.2.0",
                                      "resolved": "https://registry.npmjs.org/align-text/-/align-text-0.1.3.tgz",
                                      "dependencies": {
                                        "kind-of": {
                                          "version": "2.0.1",
                                          "from": "kind-of@>=2.0.0 <3.0.0",
                                          "resolved": "https://registry.npmjs.org/kind-of/-/kind-of-2.0.1.tgz",
                                          "dependencies": {
                                            "is-buffer": {
                                              "version": "1.1.0",
                                              "from": "is-buffer@>=1.0.2 <2.0.0",
                                              "resolved": "https://registry.npmjs.org/is-buffer/-/is-buffer-1.1.0.tgz"
                                            }
                                          }
                                        },
                                        "longest": {
                                          "version": "1.0.1",
                                          "from": "longest@>=1.0.1 <2.0.0",
                                          "resolved": "https://registry.npmjs.org/longest/-/longest-1.0.1.tgz"
                                        },
                                        "repeat-string": {
                                          "version": "1.5.2",
                                          "from": "repeat-string@>=1.5.2 <2.0.0",
                                          "resolved": "https://registry.npmjs.org/repeat-string/-/repeat-string-1.5.2.tgz"
                                        }
                                      }
                                    }
                                  }
                                },
                                "wordwrap": {
                                  "version": "0.0.2",
                                  "from": "wordwrap@0.0.2",
                                  "resolved": "https://registry.npmjs.org/wordwrap/-/wordwrap-0.0.2.tgz"
                                }
                              }
                            },
                            "decamelize": {
                              "version": "1.1.2",
                              "from": "decamelize@>=1.0.0 <2.0.0",
                              "resolved": "https://registry.npmjs.org/decamelize/-/decamelize-1.1.2.tgz",
                              "dependencies": {
                                "escape-string-regexp": {
                                  "version": "1.0.4",
                                  "from": "escape-string-regexp@>=1.0.4 <2.0.0",
                                  "resolved": "https://registry.npmjs.org/escape-string-regexp/-/escape-string-regexp-1.0.4.tgz"
                                }
                              }
                            },
                            "window-size": {
                              "version": "0.1.0",
                              "from": "window-size@0.1.0",
                              "resolved": "https://registry.npmjs.org/window-size/-/window-size-0.1.0.tgz"
                            }
                          }
                        }
                      }
                    }
                  }
                },
                "js-yaml": {
                  "version": "3.4.6",
                  "from": "js-yaml@>=3.0.0 <4.0.0",
                  "resolved": "https://registry.npmjs.org/js-yaml/-/js-yaml-3.4.6.tgz",
                  "dependencies": {
                    "argparse": {
                      "version": "1.0.3",
                      "from": "argparse@>=1.0.2 <2.0.0",
                      "resolved": "https://registry.npmjs.org/argparse/-/argparse-1.0.3.tgz",
                      "dependencies": {
                        "lodash": {
                          "version": "3.10.1",
                          "from": "lodash@>=3.2.0 <4.0.0",
                          "resolved": "https://registry.npmjs.org/lodash/-/lodash-3.10.1.tgz"
                        },
                        "sprintf-js": {
                          "version": "1.0.3",
                          "from": "sprintf-js@>=1.0.2 <1.1.0",
                          "resolved": "https://registry.npmjs.org/sprintf-js/-/sprintf-js-1.0.3.tgz"
                        }
                      }
                    },
                    "inherit": {
                      "version": "2.2.2",
                      "from": "inherit@>=2.2.2 <3.0.0",
                      "resolved": "https://registry.npmjs.org/inherit/-/inherit-2.2.2.tgz"
                    }
                  }
                },
                "mkdirp": {
                  "version": "0.5.1",
                  "from": "mkdirp@>=0.5.0 <0.6.0",
                  "resolved": "https://registry.npmjs.org/mkdirp/-/mkdirp-0.5.1.tgz",
                  "dependencies": {
                    "minimist": {
                      "version": "0.0.8",
                      "from": "minimist@0.0.8",
                      "resolved": "https://registry.npmjs.org/minimist/-/minimist-0.0.8.tgz"
                    }
                  }
                },
                "nopt": {
                  "version": "3.0.6",
                  "from": "nopt@>=3.0.0 <4.0.0",
                  "resolved": "https://registry.npmjs.org/nopt/-/nopt-3.0.6.tgz"
                },
                "once": {
                  "version": "1.3.3",
                  "from": "once@>=1.0.0 <2.0.0",
                  "resolved": "https://registry.npmjs.org/once/-/once-1.3.3.tgz",
                  "dependencies": {
                    "wrappy": {
                      "version": "1.0.1",
                      "from": "wrappy@>=1.0.0 <2.0.0",
                      "resolved": "https://registry.npmjs.org/wrappy/-/wrappy-1.0.1.tgz"
                    }
                  }
                },
                "resolve": {
                  "version": "1.1.6",
                  "from": "resolve@>=1.1.0 <1.2.0",
                  "resolved": "https://registry.npmjs.org/resolve/-/resolve-1.1.6.tgz"
                },
                "supports-color": {
                  "version": "3.1.2",
                  "from": "supports-color@>=3.1.0 <4.0.0",
                  "resolved": "https://registry.npmjs.org/supports-color/-/supports-color-3.1.2.tgz",
                  "dependencies": {
                    "has-flag": {
                      "version": "1.0.0",
                      "from": "has-flag@>=1.0.0 <2.0.0",
                      "resolved": "https://registry.npmjs.org/has-flag/-/has-flag-1.0.0.tgz"
                    }
                  }
                },
                "which": {
                  "version": "1.2.1",
                  "from": "which@>=1.1.1 <2.0.0",
                  "resolved": "https://registry.npmjs.org/which/-/which-1.2.1.tgz",
                  "dependencies": {
                    "is-absolute": {
                      "version": "0.1.7",
                      "from": "is-absolute@>=0.1.7 <0.2.0",
                      "resolved": "https://registry.npmjs.org/is-absolute/-/is-absolute-0.1.7.tgz",
                      "dependencies": {
                        "is-relative": {
                          "version": "0.1.3",
                          "from": "is-relative@>=0.1.0 <0.2.0",
                          "resolved": "https://registry.npmjs.org/is-relative/-/is-relative-0.1.3.tgz"
                        }
                      }
                    }
                  }
                },
                "wordwrap": {
                  "version": "1.0.0",
                  "from": "wordwrap@>=1.0.0 <2.0.0",
                  "resolved": "https://registry.npmjs.org/wordwrap/-/wordwrap-1.0.0.tgz"
                }
              }
            },
            "minimist": {
              "version": "1.2.0",
              "from": "minimist@>=1.2.0 <2.0.0",
              "resolved": "https://registry.npmjs.org/minimist/-/minimist-1.2.0.tgz"
            },
            "node-xmpp-core": {
              "version": "4.2.0",
              "from": "node-xmpp-core@>=4.1.0 <5.0.0",
              "resolved": "https://registry.npmjs.org/node-xmpp-core/-/node-xmpp-core-4.2.0.tgz",
              "dependencies": {
                "inherits": {
                  "version": "2.0.1",
                  "from": "inherits@>=2.0.1 <3.0.0",
                  "resolved": "https://registry.npmjs.org/inherits/-/inherits-2.0.1.tgz"
                },
                "lodash.assign": {
                  "version": "3.2.0",
                  "from": "lodash.assign@>=3.2.0 <4.0.0",
                  "resolved": "https://registry.npmjs.org/lodash.assign/-/lodash.assign-3.2.0.tgz",
                  "dependencies": {
                    "lodash._baseassign": {
                      "version": "3.2.0",
                      "from": "lodash._baseassign@>=3.0.0 <4.0.0",
                      "resolved": "https://registry.npmjs.org/lodash._baseassign/-/lodash._baseassign-3.2.0.tgz",
                      "dependencies": {
                        "lodash._basecopy": {
                          "version": "3.0.1",
                          "from": "lodash._basecopy@>=3.0.0 <4.0.0",
                          "resolved": "https://registry.npmjs.org/lodash._basecopy/-/lodash._basecopy-3.0.1.tgz"
                        }
                      }
                    },
                    "lodash._createassigner": {
                      "version": "3.1.1",
                      "from": "lodash._createassigner@>=3.0.0 <4.0.0",
                      "resolved": "https://registry.npmjs.org/lodash._createassigner/-/lodash._createassigner-3.1.1.tgz",
                      "dependencies": {
                        "lodash._bindcallback": {
                          "version": "3.0.1",
                          "from": "lodash._bindcallback@>=3.0.0 <4.0.0",
                          "resolved": "https://registry.npmjs.org/lodash._bindcallback/-/lodash._bindcallback-3.0.1.tgz"
                        },
                        "lodash._isiterateecall": {
                          "version": "3.0.9",
                          "from": "lodash._isiterateecall@>=3.0.0 <4.0.0",
                          "resolved": "https://registry.npmjs.org/lodash._isiterateecall/-/lodash._isiterateecall-3.0.9.tgz"
                        },
                        "lodash.restparam": {
                          "version": "3.6.1",
                          "from": "lodash.restparam@>=3.0.0 <4.0.0",
                          "resolved": "https://registry.npmjs.org/lodash.restparam/-/lodash.restparam-3.6.1.tgz"
                        }
                      }
                    },
                    "lodash.keys": {
                      "version": "3.1.2",
                      "from": "lodash.keys@>=3.0.0 <4.0.0",
                      "resolved": "https://registry.npmjs.org/lodash.keys/-/lodash.keys-3.1.2.tgz",
                      "dependencies": {
                        "lodash._getnative": {
                          "version": "3.9.1",
                          "from": "lodash._getnative@>=3.0.0 <4.0.0",
                          "resolved": "https://registry.npmjs.org/lodash._getnative/-/lodash._getnative-3.9.1.tgz"
                        },
                        "lodash.isarguments": {
                          "version": "3.0.4",
                          "from": "lodash.isarguments@>=3.0.0 <4.0.0",
                          "resolved": "https://registry.npmjs.org/lodash.isarguments/-/lodash.isarguments-3.0.4.tgz"
                        },
                        "lodash.isarray": {
                          "version": "3.0.4",
                          "from": "lodash.isarray@>=3.0.0 <4.0.0",
                          "resolved": "https://registry.npmjs.org/lodash.isarray/-/lodash.isarray-3.0.4.tgz"
                        }
                      }
                    }
                  }
                },
                "ltx": {
                  "version": "2.2.0",
                  "from": "git+https://github.com/swissmanu/ltx.git#cdata-for-ltx-parser"
                },
                "node-xmpp-jid": {
                  "version": "2.1.0",
                  "from": "node-xmpp-jid@>=2.0.0 <3.0.0",
                  "resolved": "https://registry.npmjs.org/node-xmpp-jid/-/node-xmpp-jid-2.1.0.tgz"
                },
                "reconnect-core": {
                  "version": "0.0.1",
                  "from": "https://github.com/dodo/reconnect-core/tarball/merged",
                  "resolved": "https://github.com/dodo/reconnect-core/tarball/merged",
                  "dependencies": {
                    "backoff": {
                      "version": "2.3.0",
                      "from": "backoff@>=2.3.0 <2.4.0",
                      "resolved": "https://registry.npmjs.org/backoff/-/backoff-2.3.0.tgz"
                    }
                  }
                },
                "tls-connect": {
                  "version": "0.2.2",
                  "from": "tls-connect@>=0.2.2 <0.3.0",
                  "resolved": "https://registry.npmjs.org/tls-connect/-/tls-connect-0.2.2.tgz"
                }
              }
            }
          }
        },
        "node-xmpp-stanza": {
          "version": "1.1.0",
          "from": "node-xmpp-stanza@>=1.1.0 <2.0.0",
          "resolved": "https://registry.npmjs.org/node-xmpp-stanza/-/node-xmpp-stanza-1.1.0.tgz",
          "dependencies": {
            "inherits": {
              "version": "2.0.1",
              "from": "inherits@>=2.0.1 <3.0.0",
              "resolved": "https://registry.npmjs.org/inherits/-/inherits-2.0.1.tgz"
            },
            "ltx": {
              "version": "2.2.0",
              "from": "git+https://github.com/swissmanu/ltx.git#cdata-for-ltx-parser"
            }
          }
        },
        "q": {
          "version": "1.4.1",
          "from": "q@>=1.1.2 <2.0.0",
          "resolved": "https://registry.npmjs.org/q/-/q-1.4.1.tgz"
        },
        "request": {
          "version": "2.67.0",
          "from": "request@>=2.48.0 <3.0.0",
          "resolved": "https://registry.npmjs.org/request/-/request-2.67.0.tgz",
          "dependencies": {
            "bl": {
              "version": "1.0.0",
              "from": "bl@>=1.0.0 <1.1.0",
              "resolved": "https://registry.npmjs.org/bl/-/bl-1.0.0.tgz",
              "dependencies": {
                "readable-stream": {
                  "version": "2.0.5",
                  "from": "readable-stream@>=2.0.0 <2.1.0",
                  "resolved": "https://registry.npmjs.org/readable-stream/-/readable-stream-2.0.5.tgz",
                  "dependencies": {
                    "core-util-is": {
                      "version": "1.0.2",
                      "from": "core-util-is@>=1.0.0 <1.1.0",
                      "resolved": "https://registry.npmjs.org/core-util-is/-/core-util-is-1.0.2.tgz"
                    },
                    "inherits": {
                      "version": "2.0.1",
                      "from": "inherits@>=2.0.1 <2.1.0",
                      "resolved": "https://registry.npmjs.org/inherits/-/inherits-2.0.1.tgz"
                    },
                    "isarray": {
                      "version": "0.0.1",
                      "from": "isarray@0.0.1",
                      "resolved": "https://registry.npmjs.org/isarray/-/isarray-0.0.1.tgz"
                    },
                    "process-nextick-args": {
                      "version": "1.0.6",
                      "from": "process-nextick-args@>=1.0.6 <1.1.0",
                      "resolved": "https://registry.npmjs.org/process-nextick-args/-/process-nextick-args-1.0.6.tgz"
                    },
                    "string_decoder": {
                      "version": "0.10.31",
                      "from": "string_decoder@>=0.10.0 <0.11.0",
                      "resolved": "https://registry.npmjs.org/string_decoder/-/string_decoder-0.10.31.tgz"
                    },
                    "util-deprecate": {
                      "version": "1.0.2",
                      "from": "util-deprecate@>=1.0.1 <1.1.0",
                      "resolved": "https://registry.npmjs.org/util-deprecate/-/util-deprecate-1.0.2.tgz"
                    }
                  }
                }
              }
            },
            "caseless": {
              "version": "0.11.0",
              "from": "caseless@>=0.11.0 <0.12.0",
              "resolved": "https://registry.npmjs.org/caseless/-/caseless-0.11.0.tgz"
            },
            "extend": {
              "version": "3.0.0",
              "from": "extend@>=3.0.0 <3.1.0",
              "resolved": "https://registry.npmjs.org/extend/-/extend-3.0.0.tgz"
            },
            "forever-agent": {
              "version": "0.6.1",
              "from": "forever-agent@>=0.6.1 <0.7.0",
              "resolved": "https://registry.npmjs.org/forever-agent/-/forever-agent-0.6.1.tgz"
            },
            "form-data": {
              "version": "1.0.0-rc3",
              "from": "form-data@>=1.0.0-rc3 <1.1.0",
              "resolved": "https://registry.npmjs.org/form-data/-/form-data-1.0.0-rc3.tgz",
              "dependencies": {
                "async": {
                  "version": "1.5.0",
                  "from": "async@>=1.4.0 <2.0.0",
                  "resolved": "https://registry.npmjs.org/async/-/async-1.5.0.tgz"
                }
              }
            },
            "json-stringify-safe": {
              "version": "5.0.1",
              "from": "json-stringify-safe@>=5.0.1 <5.1.0",
              "resolved": "https://registry.npmjs.org/json-stringify-safe/-/json-stringify-safe-5.0.1.tgz"
            },
            "mime-types": {
              "version": "2.1.8",
              "from": "mime-types@>=2.1.7 <2.2.0",
              "resolved": "https://registry.npmjs.org/mime-types/-/mime-types-2.1.8.tgz",
              "dependencies": {
                "mime-db": {
                  "version": "1.20.0",
                  "from": "mime-db@>=1.20.0 <1.21.0",
                  "resolved": "https://registry.npmjs.org/mime-db/-/mime-db-1.20.0.tgz"
                }
              }
            },
            "node-uuid": {
              "version": "1.4.7",
              "from": "node-uuid@>=1.4.7 <1.5.0",
              "resolved": "https://registry.npmjs.org/node-uuid/-/node-uuid-1.4.7.tgz"
            },
            "qs": {
              "version": "5.2.0",
              "from": "qs@>=5.2.0 <5.3.0",
              "resolved": "https://registry.npmjs.org/qs/-/qs-5.2.0.tgz"
            },
            "tunnel-agent": {
              "version": "0.4.2",
              "from": "tunnel-agent@>=0.4.1 <0.5.0",
              "resolved": "https://registry.npmjs.org/tunnel-agent/-/tunnel-agent-0.4.2.tgz"
            },
            "tough-cookie": {
              "version": "2.2.1",
              "from": "tough-cookie@>=2.2.0 <2.3.0",
              "resolved": "https://registry.npmjs.org/tough-cookie/-/tough-cookie-2.2.1.tgz"
            },
            "http-signature": {
              "version": "1.1.0",
              "from": "http-signature@>=1.1.0 <1.2.0",
              "resolved": "https://registry.npmjs.org/http-signature/-/http-signature-1.1.0.tgz",
              "dependencies": {
                "assert-plus": {
                  "version": "0.1.5",
                  "from": "assert-plus@>=0.1.5 <0.2.0",
                  "resolved": "https://registry.npmjs.org/assert-plus/-/assert-plus-0.1.5.tgz"
                },
                "jsprim": {
                  "version": "1.2.2",
                  "from": "jsprim@>=1.2.2 <2.0.0",
                  "resolved": "https://registry.npmjs.org/jsprim/-/jsprim-1.2.2.tgz",
                  "dependencies": {
                    "extsprintf": {
                      "version": "1.0.2",
                      "from": "extsprintf@1.0.2",
                      "resolved": "https://registry.npmjs.org/extsprintf/-/extsprintf-1.0.2.tgz"
                    },
                    "json-schema": {
                      "version": "0.2.2",
                      "from": "json-schema@0.2.2",
                      "resolved": "https://registry.npmjs.org/json-schema/-/json-schema-0.2.2.tgz"
                    },
                    "verror": {
                      "version": "1.3.6",
                      "from": "verror@1.3.6",
                      "resolved": "https://registry.npmjs.org/verror/-/verror-1.3.6.tgz"
                    }
                  }
                },
                "sshpk": {
                  "version": "1.7.1",
                  "from": "sshpk@>=1.7.0 <2.0.0",
                  "resolved": "https://registry.npmjs.org/sshpk/-/sshpk-1.7.1.tgz",
                  "dependencies": {
                    "asn1": {
                      "version": "0.2.3",
                      "from": "asn1@>=0.2.3 <0.3.0",
                      "resolved": "https://registry.npmjs.org/asn1/-/asn1-0.2.3.tgz"
                    },
                    "assert-plus": {
                      "version": "0.2.0",
                      "from": "assert-plus@>=0.2.0 <0.3.0",
                      "resolved": "https://registry.npmjs.org/assert-plus/-/assert-plus-0.2.0.tgz"
                    },
                    "dashdash": {
                      "version": "1.10.1",
                      "from": "dashdash@>=1.10.1 <2.0.0",
                      "resolved": "https://registry.npmjs.org/dashdash/-/dashdash-1.10.1.tgz",
                      "dependencies": {
                        "assert-plus": {
                          "version": "0.1.5",
                          "from": "assert-plus@>=0.1.0 <0.2.0",
                          "resolved": "https://registry.npmjs.org/assert-plus/-/assert-plus-0.1.5.tgz"
                        }
                      }
                    },
                    "jsbn": {
                      "version": "0.1.0",
                      "from": "jsbn@>=0.1.0 <0.2.0",
                      "resolved": "https://registry.npmjs.org/jsbn/-/jsbn-0.1.0.tgz"
                    },
                    "tweetnacl": {
                      "version": "0.13.2",
                      "from": "tweetnacl@>=0.13.0 <1.0.0",
                      "resolved": "https://registry.npmjs.org/tweetnacl/-/tweetnacl-0.13.2.tgz"
                    },
                    "jodid25519": {
                      "version": "1.0.2",
                      "from": "jodid25519@>=1.0.0 <2.0.0",
                      "resolved": "https://registry.npmjs.org/jodid25519/-/jodid25519-1.0.2.tgz"
                    },
                    "ecc-jsbn": {
                      "version": "0.1.1",
                      "from": "ecc-jsbn@>=0.0.1 <1.0.0",
                      "resolved": "https://registry.npmjs.org/ecc-jsbn/-/ecc-jsbn-0.1.1.tgz"
                    }
                  }
                }
              }
            },
            "oauth-sign": {
              "version": "0.8.0",
              "from": "oauth-sign@>=0.8.0 <0.9.0",
              "resolved": "https://registry.npmjs.org/oauth-sign/-/oauth-sign-0.8.0.tgz"
            },
            "hawk": {
              "version": "3.1.2",
              "from": "hawk@>=3.1.0 <3.2.0",
              "resolved": "https://registry.npmjs.org/hawk/-/hawk-3.1.2.tgz",
              "dependencies": {
                "hoek": {
                  "version": "2.16.3",
                  "from": "hoek@>=2.0.0 <3.0.0",
                  "resolved": "https://registry.npmjs.org/hoek/-/hoek-2.16.3.tgz"
                },
                "boom": {
                  "version": "2.10.1",
                  "from": "boom@>=2.0.0 <3.0.0",
                  "resolved": "https://registry.npmjs.org/boom/-/boom-2.10.1.tgz"
                },
                "cryptiles": {
                  "version": "2.0.5",
                  "from": "cryptiles@>=2.0.0 <3.0.0",
                  "resolved": "https://registry.npmjs.org/cryptiles/-/cryptiles-2.0.5.tgz"
                },
                "sntp": {
                  "version": "1.0.9",
                  "from": "sntp@>=1.0.0 <2.0.0",
                  "resolved": "https://registry.npmjs.org/sntp/-/sntp-1.0.9.tgz"
                }
              }
            },
            "aws-sign2": {
              "version": "0.6.0",
              "from": "aws-sign2@>=0.6.0 <0.7.0",
              "resolved": "https://registry.npmjs.org/aws-sign2/-/aws-sign2-0.6.0.tgz"
            },
            "stringstream": {
              "version": "0.0.5",
              "from": "stringstream@>=0.0.4 <0.1.0",
              "resolved": "https://registry.npmjs.org/stringstream/-/stringstream-0.0.5.tgz"
            },
            "combined-stream": {
              "version": "1.0.5",
              "from": "combined-stream@>=1.0.5 <1.1.0",
              "resolved": "https://registry.npmjs.org/combined-stream/-/combined-stream-1.0.5.tgz",
              "dependencies": {
                "delayed-stream": {
                  "version": "1.0.0",
                  "from": "delayed-stream@>=1.0.0 <1.1.0",
                  "resolved": "https://registry.npmjs.org/delayed-stream/-/delayed-stream-1.0.0.tgz"
                }
              }
            },
            "isstream": {
              "version": "0.1.2",
              "from": "isstream@>=0.1.2 <0.2.0",
              "resolved": "https://registry.npmjs.org/isstream/-/isstream-0.1.2.tgz"
            },
            "is-typedarray": {
              "version": "1.0.0",
              "from": "is-typedarray@>=1.0.0 <1.1.0",
              "resolved": "https://registry.npmjs.org/is-typedarray/-/is-typedarray-1.0.0.tgz"
            },
            "har-validator": {
              "version": "2.0.3",
              "from": "har-validator@>=2.0.2 <2.1.0",
              "resolved": "https://registry.npmjs.org/har-validator/-/har-validator-2.0.3.tgz",
              "dependencies": {
                "chalk": {
                  "version": "1.1.1",
                  "from": "chalk@>=1.1.1 <2.0.0",
                  "resolved": "https://registry.npmjs.org/chalk/-/chalk-1.1.1.tgz",
                  "dependencies": {
                    "ansi-styles": {
                      "version": "2.1.0",
                      "from": "ansi-styles@>=2.1.0 <3.0.0",
                      "resolved": "https://registry.npmjs.org/ansi-styles/-/ansi-styles-2.1.0.tgz"
                    },
                    "escape-string-regexp": {
                      "version": "1.0.4",
                      "from": "escape-string-regexp@>=1.0.2 <2.0.0",
                      "resolved": "https://registry.npmjs.org/escape-string-regexp/-/escape-string-regexp-1.0.4.tgz"
                    },
                    "has-ansi": {
                      "version": "2.0.0",
                      "from": "has-ansi@>=2.0.0 <3.0.0",
                      "resolved": "https://registry.npmjs.org/has-ansi/-/has-ansi-2.0.0.tgz",
                      "dependencies": {
                        "ansi-regex": {
                          "version": "2.0.0",
                          "from": "ansi-regex@>=2.0.0 <3.0.0",
                          "resolved": "https://registry.npmjs.org/ansi-regex/-/ansi-regex-2.0.0.tgz"
                        }
                      }
                    },
                    "strip-ansi": {
                      "version": "3.0.0",
                      "from": "strip-ansi@>=3.0.0 <4.0.0",
                      "resolved": "https://registry.npmjs.org/strip-ansi/-/strip-ansi-3.0.0.tgz",
                      "dependencies": {
                        "ansi-regex": {
                          "version": "2.0.0",
                          "from": "ansi-regex@>=2.0.0 <3.0.0",
                          "resolved": "https://registry.npmjs.org/ansi-regex/-/ansi-regex-2.0.0.tgz"
                        }
                      }
                    },
                    "supports-color": {
                      "version": "2.0.0",
                      "from": "supports-color@>=2.0.0 <3.0.0",
                      "resolved": "https://registry.npmjs.org/supports-color/-/supports-color-2.0.0.tgz"
                    }
                  }
                },
                "commander": {
                  "version": "2.9.0",
                  "from": "commander@>=2.9.0 <3.0.0",
                  "resolved": "https://registry.npmjs.org/commander/-/commander-2.9.0.tgz",
                  "dependencies": {
                    "graceful-readlink": {
                      "version": "1.0.1",
                      "from": "graceful-readlink@>=1.0.0",
                      "resolved": "https://registry.npmjs.org/graceful-readlink/-/graceful-readlink-1.0.1.tgz"
                    }
                  }
                },
                "is-my-json-valid": {
                  "version": "2.12.3",
                  "from": "is-my-json-valid@>=2.12.3 <3.0.0",
                  "resolved": "https://registry.npmjs.org/is-my-json-valid/-/is-my-json-valid-2.12.3.tgz",
                  "dependencies": {
                    "generate-function": {
                      "version": "2.0.0",
                      "from": "generate-function@>=2.0.0 <3.0.0",
                      "resolved": "https://registry.npmjs.org/generate-function/-/generate-function-2.0.0.tgz"
                    },
                    "generate-object-property": {
                      "version": "1.2.0",
                      "from": "generate-object-property@>=1.1.0 <2.0.0",
                      "resolved": "https://registry.npmjs.org/generate-object-property/-/generate-object-property-1.2.0.tgz",
                      "dependencies": {
                        "is-property": {
                          "version": "1.0.2",
                          "from": "is-property@>=1.0.0 <2.0.0",
                          "resolved": "https://registry.npmjs.org/is-property/-/is-property-1.0.2.tgz"
                        }
                      }
                    },
                    "jsonpointer": {
                      "version": "2.0.0",
                      "from": "jsonpointer@2.0.0",
                      "resolved": "https://registry.npmjs.org/jsonpointer/-/jsonpointer-2.0.0.tgz"
                    },
                    "xtend": {
                      "version": "4.0.1",
                      "from": "xtend@>=4.0.0 <5.0.0",
                      "resolved": "https://registry.npmjs.org/xtend/-/xtend-4.0.1.tgz"
                    }
                  }
                },
                "pinkie-promise": {
                  "version": "2.0.0",
                  "from": "pinkie-promise@>=2.0.0 <3.0.0",
                  "resolved": "https://registry.npmjs.org/pinkie-promise/-/pinkie-promise-2.0.0.tgz",
                  "dependencies": {
                    "pinkie": {
                      "version": "2.0.1",
                      "from": "pinkie@>=2.0.0 <3.0.0",
                      "resolved": "https://registry.npmjs.org/pinkie/-/pinkie-2.0.1.tgz"
                    }
                  }
                }
              }
            }
          }
        }
      }
    },
    "harmonyhubjs-discover": {
      "version": "1.0.2",
      "from": "harmonyhubjs-discover@>=1.0.2 <2.0.0",
      "resolved": "https://registry.npmjs.org/harmonyhubjs-discover/-/harmonyhubjs-discover-1.0.2.tgz"
    },
    "inherits": {
      "version": "2.0.1",
      "from": "inherits@>=2.0.1 <3.0.0",
      "resolved": "https://registry.npmjs.org/inherits/-/inherits-2.0.1.tgz"
    },
    "queue": {
      "version": "3.1.0",
      "from": "queue@>=3.1.0 <4.0.0",
      "resolved": "https://registry.npmjs.org/queue/-/queue-3.1.0.tgz"
    }
  }
}
